// !$*UTF8*$!
{
	archiveVersion = 1;
	classes = {
	};
	objectVersion = 56;
	objects = {

/* Begin PBXBuildFile section */
		FA0A7F7A2CBE5B5D00A946C7 /* ListRowView.swift in Sources */ = {isa = PBXBuildFile; fileRef = FA0A7F792CBE5B5D00A946C7 /* ListRowView.swift */; };
		FA0A7F7C2CBE650A00A946C7 /* AddTodoView.swift in Sources */ = {isa = PBXBuildFile; fileRef = FA0A7F7B2CBE650A00A946C7 /* AddTodoView.swift */; };
		FA0A7F7F2CBE720300A946C7 /* TodoModel.swift in Sources */ = {isa = PBXBuildFile; fileRef = FA0A7F7E2CBE720300A946C7 /* TodoModel.swift */; };
		FA0A7F822CBE85D100A946C7 /* TodoViewModel.swift in Sources */ = {isa = PBXBuildFile; fileRef = FA0A7F812CBE85D100A946C7 /* TodoViewModel.swift */; };
		FAACF8002CBDDFF1004F4F72 /* Assets.xcassets in Resources */ = {isa = PBXBuildFile; fileRef = FAACF7FF2CBDDFF1004F4F72 /* Assets.xcassets */; };
		FAACF8032CBDDFF1004F4F72 /* Preview Assets.xcassets in Resources */ = {isa = PBXBuildFile; fileRef = FAACF8022CBDDFF1004F4F72 /* Preview Assets.xcassets */; };
		FAACF80C2CBDE11B004F4F72 /* ListView.swift in Sources */ = {isa = PBXBuildFile; fileRef = FAACF80B2CBDE11B004F4F72 /* ListView.swift */; };
		FAACF80E2CBDE1B9004F4F72 /* TodoListApp.swift in Sources */ = {isa = PBXBuildFile; fileRef = FAACF80D2CBDE1B9004F4F72 /* TodoListApp.swift */; };
		FACD2A322CC2A6D10096F5B3 /* NoTodosView.swift in Sources */ = {isa = PBXBuildFile; fileRef = FACD2A312CC2A6D10096F5B3 /* NoTodosView.swift */; };
		FACE56112CC46FE300620475 /* Launch Screen.storyboard in Resources */ = {isa = PBXBuildFile; fileRef = FACE56102CC46FE300620475 /* Launch Screen.storyboard */; };
/* End PBXBuildFile section */

/* Begin PBXFileReference section */
		FA0A7F792CBE5B5D00A946C7 /* ListRowView.swift */ = {isa = PBXFileReference; lastKnownFileType = sourcecode.swift; path = ListRowView.swift; sourceTree = "<group>"; };
		FA0A7F7B2CBE650A00A946C7 /* AddTodoView.swift */ = {isa = PBXFileReference; lastKnownFileType = sourcecode.swift; path = AddTodoView.swift; sourceTree = "<group>"; };
		FA0A7F7E2CBE720300A946C7 /* TodoModel.swift */ = {isa = PBXFileReference; lastKnownFileType = sourcecode.swift; path = TodoModel.swift; sourceTree = "<group>"; };
		FA0A7F812CBE85D100A946C7 /* TodoViewModel.swift */ = {isa = PBXFileReference; lastKnownFileType = sourcecode.swift; path = TodoViewModel.swift; sourceTree = "<group>"; };
		FAACF7F82CBDDFF1004F4F72 /* TodoList.app */ = {isa = PBXFileReference; explicitFileType = wrapper.application; includeInIndex = 0; path = TodoList.app; sourceTree = BUILT_PRODUCTS_DIR; };
		FAACF7FF2CBDDFF1004F4F72 /* Assets.xcassets */ = {isa = PBXFileReference; lastKnownFileType = folder.assetcatalog; path = Assets.xcassets; sourceTree = "<group>"; };
		FAACF8022CBDDFF1004F4F72 /* Preview Assets.xcassets */ = {isa = PBXFileReference; lastKnownFileType = folder.assetcatalog; path = "Preview Assets.xcassets"; sourceTree = "<group>"; };
		FAACF80B2CBDE11B004F4F72 /* ListView.swift */ = {isa = PBXFileReference; lastKnownFileType = sourcecode.swift; path = ListView.swift; sourceTree = "<group>"; };
		FAACF80D2CBDE1B9004F4F72 /* TodoListApp.swift */ = {isa = PBXFileReference; lastKnownFileType = sourcecode.swift; path = TodoListApp.swift; sourceTree = "<group>"; };
		FACD2A312CC2A6D10096F5B3 /* NoTodosView.swift */ = {isa = PBXFileReference; lastKnownFileType = sourcecode.swift; path = NoTodosView.swift; sourceTree = "<group>"; };
		FACE56102CC46FE300620475 /* Launch Screen.storyboard */ = {isa = PBXFileReference; lastKnownFileType = file.storyboard; path = "Launch Screen.storyboard"; sourceTree = "<group>"; };
/* End PBXFileReference section */

/* Begin PBXFrameworksBuildPhase section */
		FAACF7F52CBDDFF1004F4F72 /* Frameworks */ = {
			isa = PBXFrameworksBuildPhase;
			buildActionMask = 2147483647;
			files = (
			);
			runOnlyForDeploymentPostprocessing = 0;
		};
/* End PBXFrameworksBuildPhase section */

/* Begin PBXGroup section */
		FA0A7F7D2CBE70DF00A946C7 /* Models */ = {
			isa = PBXGroup;
			children = (
				FA0A7F7E2CBE720300A946C7 /* TodoModel.swift */,
			);
			path = Models;
			sourceTree = "<group>";
		};
		FA0A7F802CBE85A800A946C7 /* ViewModels */ = {
			isa = PBXGroup;
			children = (
				FA0A7F812CBE85D100A946C7 /* TodoViewModel.swift */,
			);
			path = ViewModels;
			sourceTree = "<group>";
		};
		FAACF7EF2CBDDFF0004F4F72 = {
			isa = PBXGroup;
			children = (
				FAACF7FA2CBDDFF1004F4F72 /* TodoList */,
				FAACF7F92CBDDFF1004F4F72 /* Products */,
			);
			sourceTree = "<group>";
		};
		FAACF7F92CBDDFF1004F4F72 /* Products */ = {
			isa = PBXGroup;
			children = (
				FAACF7F82CBDDFF1004F4F72 /* TodoList.app */,
			);
			name = Products;
			sourceTree = "<group>";
		};
		FAACF7FA2CBDDFF1004F4F72 /* TodoList */ = {
			isa = PBXGroup;
			children = (
				FAACF80D2CBDE1B9004F4F72 /* TodoListApp.swift */,
				FA0A7F802CBE85A800A946C7 /* ViewModels */,
				FA0A7F7D2CBE70DF00A946C7 /* Models */,
				FAACF80A2CBDE0FA004F4F72 /* Views */,
				FAACF7FF2CBDDFF1004F4F72 /* Assets.xcassets */,
				FAACF8012CBDDFF1004F4F72 /* Preview Content */,
			);
			path = TodoList;
			sourceTree = "<group>";
		};
		FAACF8012CBDDFF1004F4F72 /* Preview Content */ = {
			isa = PBXGroup;
			children = (
				FAACF8022CBDDFF1004F4F72 /* Preview Assets.xcassets */,
			);
			path = "Preview Content";
			sourceTree = "<group>";
		};
		FAACF80A2CBDE0FA004F4F72 /* Views */ = {
			isa = PBXGroup;
			children = (
				FAACF80B2CBDE11B004F4F72 /* ListView.swift */,
				FA0A7F792CBE5B5D00A946C7 /* ListRowView.swift */,
				FA0A7F7B2CBE650A00A946C7 /* AddTodoView.swift */,
				FACD2A312CC2A6D10096F5B3 /* NoTodosView.swift */,
				FACE56102CC46FE300620475 /* Launch Screen.storyboard */,
			);
			path = Views;
			sourceTree = "<group>";
		};
/* End PBXGroup section */

/* Begin PBXNativeTarget section */
		FAACF7F72CBDDFF1004F4F72 /* TodoList */ = {
			isa = PBXNativeTarget;
			buildConfigurationList = FAACF8062CBDDFF1004F4F72 /* Build configuration list for PBXNativeTarget "TodoList" */;
			buildPhases = (
				FAACF7F42CBDDFF1004F4F72 /* Sources */,
				FAACF7F52CBDDFF1004F4F72 /* Frameworks */,
				FAACF7F62CBDDFF1004F4F72 /* Resources */,
			);
			buildRules = (
			);
			dependencies = (
			);
			name = TodoList;
			productName = TodoList;
			productReference = FAACF7F82CBDDFF1004F4F72 /* TodoList.app */;
			productType = "com.apple.product-type.application";
		};
/* End PBXNativeTarget section */

/* Begin PBXProject section */
		FAACF7F02CBDDFF0004F4F72 /* Project object */ = {
			isa = PBXProject;
			attributes = {
				BuildIndependentTargetsInParallel = 1;
				LastSwiftUpdateCheck = 1540;
				LastUpgradeCheck = 1540;
				TargetAttributes = {
					FAACF7F72CBDDFF1004F4F72 = {
						CreatedOnToolsVersion = 15.4;
					};
				};
			};
			buildConfigurationList = FAACF7F32CBDDFF0004F4F72 /* Build configuration list for PBXProject "TodoList" */;
			compatibilityVersion = "Xcode 14.0";
			developmentRegion = en;
			hasScannedForEncodings = 0;
			knownRegions = (
				en,
				Base,
			);
			mainGroup = FAACF7EF2CBDDFF0004F4F72;
			productRefGroup = FAACF7F92CBDDFF1004F4F72 /* Products */;
			projectDirPath = "";
			projectRoot = "";
			targets = (
				FAACF7F72CBDDFF1004F4F72 /* TodoList */,
			);
		};
/* End PBXProject section */

/* Begin PBXResourcesBuildPhase section */
		FAACF7F62CBDDFF1004F4F72 /* Resources */ = {
			isa = PBXResourcesBuildPhase;
			buildActionMask = 2147483647;
			files = (
				FACE56112CC46FE300620475 /* Launch Screen.storyboard in Resources */,
				FAACF8032CBDDFF1004F4F72 /* Preview Assets.xcassets in Resources */,
				FAACF8002CBDDFF1004F4F72 /* Assets.xcassets in Resources */,
			);
			runOnlyForDeploymentPostprocessing = 0;
		};
/* End PBXResourcesBuildPhase section */

/* Begin PBXSourcesBuildPhase section */
		FAACF7F42CBDDFF1004F4F72 /* Sources */ = {
			isa = PBXSourcesBuildPhase;
			buildActionMask = 2147483647;
			files = (
				FA0A7F822CBE85D100A946C7 /* TodoViewModel.swift in Sources */,
				FAACF80E2CBDE1B9004F4F72 /* TodoListApp.swift in Sources */,
				FAACF80C2CBDE11B004F4F72 /* ListView.swift in Sources */,
				FA0A7F7C2CBE650A00A946C7 /* AddTodoView.swift in Sources */,
				FA0A7F7F2CBE720300A946C7 /* TodoModel.swift in Sources */,
				FA0A7F7A2CBE5B5D00A946C7 /* ListRowView.swift in Sources */,
				FACD2A322CC2A6D10096F5B3 /* NoTodosView.swift in Sources */,
			);
			runOnlyForDeploymentPostprocessing = 0;
		};
/* End PBXSourcesBuildPhase section */

/* Begin XCBuildConfiguration section */
		FAACF8042CBDDFF1004F4F72 /* Debug */ = {
			isa = XCBuildConfiguration;
			buildSettings = {
				ALWAYS_SEARCH_USER_PATHS = NO;
				ASSETCATALOG_COMPILER_GENERATE_SWIFT_ASSET_SYMBOL_EXTENSIONS = YES;
				CLANG_ANALYZER_NONNULL = YES;
				CLANG_ANALYZER_NUMBER_OBJECT_CONVERSION = YES_AGGRESSIVE;
				CLANG_CXX_LANGUAGE_STANDARD = "gnu++20";
				CLANG_ENABLE_MODULES = YES;
				CLANG_ENABLE_OBJC_ARC = YES;
				CLANG_ENABLE_OBJC_WEAK = YES;
				CLANG_WARN_BLOCK_CAPTURE_AUTORELEASING = YES;
				CLANG_WARN_BOOL_CONVERSION = YES;
				CLANG_WARN_COMMA = YES;
				CLANG_WARN_CONSTANT_CONVERSION = YES;
				CLANG_WARN_DEPRECATED_OBJC_IMPLEMENTATIONS = YES;
				CLANG_WARN_DIRECT_OBJC_ISA_USAGE = YES_ERROR;
				CLANG_WARN_DOCUMENTATION_COMMENTS = YES;
				CLANG_WARN_EMPTY_BODY = YES;
				CLANG_WARN_ENUM_CONVERSION = YES;
				CLANG_WARN_INFINITE_RECURSION = YES;
				CLANG_WARN_INT_CONVERSION = YES;
				CLANG_WARN_NON_LITERAL_NULL_CONVERSION = YES;
				CLANG_WARN_OBJC_IMPLICIT_RETAIN_SELF = YES;
				CLANG_WARN_OBJC_LITERAL_CONVERSION = YES;
				CLANG_WARN_OBJC_ROOT_CLASS = YES_ERROR;
				CLANG_WARN_QUOTED_INCLUDE_IN_FRAMEWORK_HEADER = YES;
				CLANG_WARN_RANGE_LOOP_ANALYSIS = YES;
				CLANG_WARN_STRICT_PROTOTYPES = YES;
				CLANG_WARN_SUSPICIOUS_MOVE = YES;
				CLANG_WARN_UNGUARDED_AVAILABILITY = YES_AGGRESSIVE;
				CLANG_WARN_UNREACHABLE_CODE = YES;
				CLANG_WARN__DUPLICATE_METHOD_MATCH = YES;
				COPY_PHASE_STRIP = NO;
				DEBUG_INFORMATION_FORMAT = dwarf;
				ENABLE_STRICT_OBJC_MSGSEND = YES;
				ENABLE_TESTABILITY = YES;
				ENABLE_USER_SCRIPT_SANDBOXING = YES;
				GCC_C_LANGUAGE_STANDARD = gnu17;
				GCC_DYNAMIC_NO_PIC = NO;
				GCC_NO_COMMON_BLOCKS = YES;
				GCC_OPTIMIZATION_LEVEL = 0;
				GCC_PREPROCESSOR_DEFINITIONS = (
					"DEBUG=1",
					"$(inherited)",
				);
				GCC_WARN_64_TO_32_BIT_CONVERSION = YES;
				GCC_WARN_ABOUT_RETURN_TYPE = YES_ERROR;
				GCC_WARN_UNDECLARED_SELECTOR = YES;
				GCC_WARN_UNINITIALIZED_AUTOS = YES_AGGRESSIVE;
				GCC_WARN_UNUSED_FUNCTION = YES;
				GCC_WARN_UNUSED_VARIABLE = YES;
				IPHONEOS_DEPLOYMENT_TARGET = 17.5;
				LOCALIZATION_PREFERS_STRING_CATALOGS = YES;
				MTL_ENABLE_DEBUG_INFO = INCLUDE_SOURCE;
				MTL_FAST_MATH = YES;
				ONLY_ACTIVE_ARCH = YES;
				SDKROOT = iphoneos;
				SWIFT_ACTIVE_COMPILATION_CONDITIONS = "DEBUG $(inherited)";
				SWIFT_OPTIMIZATION_LEVEL = "-Onone";
			};
			name = Debug;
		};
		FAACF8052CBDDFF1004F4F72 /* Release */ = {
			isa = XCBuildConfiguration;
			buildSettings = {
				ALWAYS_SEARCH_USER_PATHS = NO;
				ASSETCATALOG_COMPILER_GENERATE_SWIFT_ASSET_SYMBOL_EXTENSIONS = YES;
				CLANG_ANALYZER_NONNULL = YES;
				CLANG_ANALYZER_NUMBER_OBJECT_CONVERSION = YES_AGGRESSIVE;
				CLANG_CXX_LANGUAGE_STANDARD = "gnu++20";
				CLANG_ENABLE_MODULES = YES;
				CLANG_ENABLE_OBJC_ARC = YES;
				CLANG_ENABLE_OBJC_WEAK = YES;
				CLANG_WARN_BLOCK_CAPTURE_AUTORELEASING = YES;
				CLANG_WARN_BOOL_CONVERSION = YES;
				CLANG_WARN_COMMA = YES;
				CLANG_WARN_CONSTANT_CONVERSION = YES;
				CLANG_WARN_DEPRECATED_OBJC_IMPLEMENTATIONS = YES;
				CLANG_WARN_DIRECT_OBJC_ISA_USAGE = YES_ERROR;
				CLANG_WARN_DOCUMENTATION_COMMENTS = YES;
				CLANG_WARN_EMPTY_BODY = YES;
				CLANG_WARN_ENUM_CONVERSION = YES;
				CLANG_WARN_INFINITE_RECURSION = YES;
				CLANG_WARN_INT_CONVERSION = YES;
				CLANG_WARN_NON_LITERAL_NULL_CONVERSION = YES;
				CLANG_WARN_OBJC_IMPLICIT_RETAIN_SELF = YES;
				CLANG_WARN_OBJC_LITERAL_CONVERSION = YES;
				CLANG_WARN_OBJC_ROOT_CLASS = YES_ERROR;
				CLANG_WARN_QUOTED_INCLUDE_IN_FRAMEWORK_HEADER = YES;
				CLANG_WARN_RANGE_LOOP_ANALYSIS = YES;
				CLANG_WARN_STRICT_PROTOTYPES = YES;
				CLANG_WARN_SUSPICIOUS_MOVE = YES;
				CLANG_WARN_UNGUARDED_AVAILABILITY = YES_AGGRESSIVE;
				CLANG_WARN_UNREACHABLE_CODE = YES;
				CLANG_WARN__DUPLICATE_METHOD_MATCH = YES;
				COPY_PHASE_STRIP = NO;
				DEBUG_INFORMATION_FORMAT = "dwarf-with-dsym";
				ENABLE_NS_ASSERTIONS = NO;
				ENABLE_STRICT_OBJC_MSGSEND = YES;
				ENABLE_USER_SCRIPT_SANDBOXING = YES;
				GCC_C_LANGUAGE_STANDARD = gnu17;
				GCC_NO_COMMON_BLOCKS = YES;
				GCC_WARN_64_TO_32_BIT_CONVERSION = YES;
				GCC_WARN_ABOUT_RETURN_TYPE = YES_ERROR;
				GCC_WARN_UNDECLARED_SELECTOR = YES;
				GCC_WARN_UNINITIALIZED_AUTOS = YES_AGGRESSIVE;
				GCC_WARN_UNUSED_FUNCTION = YES;
				GCC_WARN_UNUSED_VARIABLE = YES;
				IPHONEOS_DEPLOYMENT_TARGET = 17.5;
				LOCALIZATION_PREFERS_STRING_CATALOGS = YES;
				MTL_ENABLE_DEBUG_INFO = NO;
				MTL_FAST_MATH = YES;
				SDKROOT = iphoneos;
				SWIFT_COMPILATION_MODE = wholemodule;
				VALIDATE_PRODUCT = YES;
			};
			name = Release;
		};
		FAACF8072CBDDFF1004F4F72 /* Debug */ = {
			isa = XCBuildConfiguration;
			buildSettings = {
				ASSETCATALOG_COMPILER_APPICON_NAME = AppIcon;
				ASSETCATALOG_COMPILER_GLOBAL_ACCENT_COLOR_NAME = AccentColor;
				CODE_SIGN_STYLE = Automatic;
				CURRENT_PROJECT_VERSION = 1;
				DEVELOPMENT_ASSET_PATHS = "\"TodoList/Preview Content\"";
				ENABLE_PREVIEWS = YES;
				GENERATE_INFOPLIST_FILE = YES;
				INFOPLIST_KEY_LSApplicationCategoryType = "";
				INFOPLIST_KEY_UIApplicationSceneManifest_Generation = YES;
				INFOPLIST_KEY_UIApplicationSupportsIndirectInputEvents = YES;
				INFOPLIST_KEY_UILaunchStoryboardName = "Launch Screen.storyboard";
				INFOPLIST_KEY_UISupportedInterfaceOrientations_iPad = "UIInterfaceOrientationPortrait UIInterfaceOrientationPortraitUpsideDown UIInterfaceOrientationLandscapeLeft UIInterfaceOrientationLandscapeRight";
				INFOPLIST_KEY_UISupportedInterfaceOrientations_iPhone = "UIInterfaceOrientationPortrait UIInterfaceOrientationLandscapeLeft UIInterfaceOrientationLandscapeRight";
				LD_RUNPATH_SEARCH_PATHS = (
					"$(inherited)",
					"@executable_path/Frameworks",
				);
				MARKETING_VERSION = 1.0;
				PRODUCT_BUNDLE_IDENTIFIER = com.brahim.TodoList;
				PRODUCT_NAME = "$(TARGET_NAME)";
				SWIFT_EMIT_LOC_STRINGS = YES;
				SWIFT_VERSION = 5.0;
				TARGETED_DEVICE_FAMILY = "1,2";
			};
			name = Debug;
		};
		FAACF8082CBDDFF1004F4F72 /* Release */ = {
			isa = XCBuildConfiguration;
			buildSettings = {
				ASSETCATALOG_COMPILER_APPICON_NAME = AppIcon;
				ASSETCATALOG_COMPILER_GLOBAL_ACCENT_COLOR_NAME = AccentColor;
				CODE_SIGN_STYLE = Automatic;
				CURRENT_PROJECT_VERSION = 1;
				DEVELOPMENT_ASSET_PATHS = "\"TodoList/Preview Content\"";
				ENABLE_PREVIEWS = YES;
				GENERATE_INFOPLIST_FILE = YES;
				INFOPLIST_KEY_LSApplicationCategoryType = "";
				INFOPLIST_KEY_UIApplicationSceneManifest_Generation = YES;
				INFOPLIST_KEY_UIApplicationSupportsIndirectInputEvents = YES;
				INFOPLIST_KEY_UILaunchStoryboardName = "Launch Screen.storyboard";
				INFOPLIST_KEY_UISupportedInterfaceOrientations_iPad = "UIInterfaceOrientationPortrait UIInterfaceOrientationPortraitUpsideDown UIInterfaceOrientationLandscapeLeft UIInterfaceOrientationLandscapeRight";
				INFOPLIST_KEY_UISupportedInterfaceOrientations_iPhone = "UIInterfaceOrientationPortrait UIInterfaceOrientationLandscapeLeft UIInterfaceOrientationLandscapeRight";
				LD_RUNPATH_SEARCH_PATHS = (
					"$(inherited)",
					"@executable_path/Frameworks",
				);
				MARKETING_VERSION = 1.0;
				PRODUCT_BUNDLE_IDENTIFIER = com.brahim.TodoList;
				PRODUCT_NAME = "$(TARGET_NAME)";
				SWIFT_EMIT_LOC_STRINGS = YES;
				SWIFT_VERSION = 5.0;
				TARGETED_DEVICE_FAMILY = "1,2";
			};
			name = Release;
		};
/* End XCBuildConfiguration section */

/* Begin XCConfigurationList section */
		FAACF7F32CBDDFF0004F4F72 /* Build configuration list for PBXProject "TodoList" */ = {
			isa = XCConfigurationList;
			buildConfigurations = (
				FAACF8042CBDDFF1004F4F72 /* Debug */,
				FAACF8052CBDDFF1004F4F72 /* Release */,
			);
			defaultConfigurationIsVisible = 0;
			defaultConfigurationName = Release;
		};
		FAACF8062CBDDFF1004F4F72 /* Build configuration list for PBXNativeTarget "TodoList" */ = {
			isa = XCConfigurationList;
			buildConfigurations = (
				FAACF8072CBDDFF1004F4F72 /* Debug */,
				FAACF8082CBDDFF1004F4F72 /* Release */,
			);
			defaultConfigurationIsVisible = 0;
			defaultConfigurationName = Release;
		};
/* End XCConfigurationList section */
	};
	rootObject = FAACF7F02CBDDFF0004F4F72 /* Project object */;
}
